// !$*UTF8*$!
{
	archiveVersion = 1;
	classes = {
	};
	objectVersion = 55;
	objects = {

/* Begin PBXBuildFile section */
		9C455DA728C678F20085F39F /* OfflineApp.swift in Sources */ = {isa = PBXBuildFile; fileRef = 9C455DA628C678F20085F39F /* OfflineApp.swift */; };
		9C455DA928C678F20085F39F /* ContentView.swift in Sources */ = {isa = PBXBuildFile; fileRef = 9C455DA828C678F20085F39F /* ContentView.swift */; };
		9C455DAB28C678F20085F39F /* Assets.xcassets in Resources */ = {isa = PBXBuildFile; fileRef = 9C455DAA28C678F20085F39F /* Assets.xcassets */; };
		9C455DAE28C678F20085F39F /* Preview Assets.xcassets in Resources */ = {isa = PBXBuildFile; fileRef = 9C455DAD28C678F20085F39F /* Preview Assets.xcassets */; };
		9C581B2628D4BBD000F26303 /* Styles.swift in Sources */ = {isa = PBXBuildFile; fileRef = 9C581B2528D4BBD000F26303 /* Styles.swift */; };
		9C581B2828D4C30B00F26303 /* AccountView.swift in Sources */ = {isa = PBXBuildFile; fileRef = 9C581B2728D4C30B00F26303 /* AccountView.swift */; };
		9C581B2A28D4FCEA00F26303 /* HexagonView.swift in Sources */ = {isa = PBXBuildFile; fileRef = 9C581B2928D4FCEA00F26303 /* HexagonView.swift */; };
		9C581B2C28D504F700F26303 /* AnimatedBlobView.swift in Sources */ = {isa = PBXBuildFile; fileRef = 9C581B2B28D504F700F26303 /* AnimatedBlobView.swift */; };
		9C79CA2D28DDE94C00144DCC /* HomeView.swift in Sources */ = {isa = PBXBuildFile; fileRef = 9C79CA2C28DDE94C00144DCC /* HomeView.swift */; };
		9C79CA3528DE00C600144DCC /* FeaturedItem.swift in Sources */ = {isa = PBXBuildFile; fileRef = 9C79CA3428DE00C600144DCC /* FeaturedItem.swift */; };
		9C79CA3728DE038700144DCC /* NavigationBar.swift in Sources */ = {isa = PBXBuildFile; fileRef = 9C79CA3628DE038700144DCC /* NavigationBar.swift */; };
		9CFB38DD28DB4A1D00A670B7 /* TabBar.swift in Sources */ = {isa = PBXBuildFile; fileRef = 9CFB38DC28DB4A1D00A670B7 /* TabBar.swift */; };
		9CFB38DF28DB527600A670B7 /* Tab.swift in Sources */ = {isa = PBXBuildFile; fileRef = 9CFB38DE28DB527600A670B7 /* Tab.swift */; };
/* End PBXBuildFile section */

/* Begin PBXFileReference section */
		9C455DA328C678F20085F39F /* Offline.app */ = {isa = PBXFileReference; explicitFileType = wrapper.application; includeInIndex = 0; path = Offline.app; sourceTree = BUILT_PRODUCTS_DIR; };
		9C455DA628C678F20085F39F /* OfflineApp.swift */ = {isa = PBXFileReference; lastKnownFileType = sourcecode.swift; path = OfflineApp.swift; sourceTree = "<group>"; };
		9C455DA828C678F20085F39F /* ContentView.swift */ = {isa = PBXFileReference; lastKnownFileType = sourcecode.swift; path = ContentView.swift; sourceTree = "<group>"; usesTabs = 1; };
		9C455DAA28C678F20085F39F /* Assets.xcassets */ = {isa = PBXFileReference; lastKnownFileType = folder.assetcatalog; path = Assets.xcassets; sourceTree = "<group>"; };
		9C455DAD28C678F20085F39F /* Preview Assets.xcassets */ = {isa = PBXFileReference; lastKnownFileType = folder.assetcatalog; path = "Preview Assets.xcassets"; sourceTree = "<group>"; };
		9C581B2528D4BBD000F26303 /* Styles.swift */ = {isa = PBXFileReference; lastKnownFileType = sourcecode.swift; path = Styles.swift; sourceTree = "<group>"; };
		9C581B2728D4C30B00F26303 /* AccountView.swift */ = {isa = PBXFileReference; lastKnownFileType = sourcecode.swift; path = AccountView.swift; sourceTree = "<group>"; };
		9C581B2928D4FCEA00F26303 /* HexagonView.swift */ = {isa = PBXFileReference; lastKnownFileType = sourcecode.swift; path = HexagonView.swift; sourceTree = "<group>"; };
		9C581B2B28D504F700F26303 /* AnimatedBlobView.swift */ = {isa = PBXFileReference; lastKnownFileType = sourcecode.swift; path = AnimatedBlobView.swift; sourceTree = "<group>"; };
		9C79CA2C28DDE94C00144DCC /* HomeView.swift */ = {isa = PBXFileReference; lastKnownFileType = sourcecode.swift; path = HomeView.swift; sourceTree = "<group>"; };
		9C79CA3428DE00C600144DCC /* FeaturedItem.swift */ = {isa = PBXFileReference; lastKnownFileType = sourcecode.swift; path = FeaturedItem.swift; sourceTree = "<group>"; };
		9C79CA3628DE038700144DCC /* NavigationBar.swift */ = {isa = PBXFileReference; lastKnownFileType = sourcecode.swift; path = NavigationBar.swift; sourceTree = "<group>"; };
		9CFB38DC28DB4A1D00A670B7 /* TabBar.swift */ = {isa = PBXFileReference; lastKnownFileType = sourcecode.swift; path = TabBar.swift; sourceTree = "<group>"; };
		9CFB38DE28DB527600A670B7 /* Tab.swift */ = {isa = PBXFileReference; lastKnownFileType = sourcecode.swift; path = Tab.swift; sourceTree = "<group>"; };
/* End PBXFileReference section */

/* Begin PBXFrameworksBuildPhase section */
		9C455DA028C678F20085F39F /* Frameworks */ = {
			isa = PBXFrameworksBuildPhase;
			buildActionMask = 2147483647;
			files = (
			);
			runOnlyForDeploymentPostprocessing = 0;
		};
/* End PBXFrameworksBuildPhase section */

/* Begin PBXGroup section */
		9C455D9A28C678F20085F39F = {
			isa = PBXGroup;
			children = (
				9C455DA528C678F20085F39F /* Offline */,
				9C455DA428C678F20085F39F /* Products */,
			);
			sourceTree = "<group>";
		};
		9C455DA428C678F20085F39F /* Products */ = {
			isa = PBXGroup;
			children = (
				9C455DA328C678F20085F39F /* Offline.app */,
			);
			name = Products;
			sourceTree = "<group>";
		};
		9C455DA528C678F20085F39F /* Offline */ = {
			isa = PBXGroup;
			children = (
				9C455DA628C678F20085F39F /* OfflineApp.swift */,
				9C79CA2E28DDED0A00144DCC /* Navigations */,
				9C79CA3028DDED8100144DCC /* Views */,
				9C79CA3128DDED9700144DCC /* Components */,
				9C79CA3228DDEDA500144DCC /* Model */,
				9C79CA3328DDEDC000144DCC /* Styles */,
				9C455DAA28C678F20085F39F /* Assets.xcassets */,
				9C455DAC28C678F20085F39F /* Preview Content */,
			);
			path = Offline;
			sourceTree = "<group>";
		};
		9C455DAC28C678F20085F39F /* Preview Content */ = {
			isa = PBXGroup;
			children = (
				9C455DAD28C678F20085F39F /* Preview Assets.xcassets */,
			);
			path = "Preview Content";
			sourceTree = "<group>";
		};
		9C79CA2E28DDED0A00144DCC /* Navigations */ = {
			isa = PBXGroup;
			children = (
				9CFB38DC28DB4A1D00A670B7 /* TabBar.swift */,
				9C455DA828C678F20085F39F /* ContentView.swift */,
				9C79CA3628DE038700144DCC /* NavigationBar.swift */,
			);
			path = Navigations;
			sourceTree = "<group>";
		};
		9C79CA3028DDED8100144DCC /* Views */ = {
			isa = PBXGroup;
			children = (
				9C79CA2C28DDE94C00144DCC /* HomeView.swift */,
				9C581B2728D4C30B00F26303 /* AccountView.swift */,
			);
			path = Views;
			sourceTree = "<group>";
		};
		9C79CA3128DDED9700144DCC /* Components */ = {
			isa = PBXGroup;
			children = (
				9C581B2928D4FCEA00F26303 /* HexagonView.swift */,
				9C581B2B28D504F700F26303 /* AnimatedBlobView.swift */,
				9C79CA3428DE00C600144DCC /* FeaturedItem.swift */,
			);
			path = Components;
			sourceTree = "<group>";
		};
		9C79CA3228DDEDA500144DCC /* Model */ = {
			isa = PBXGroup;
			children = (
				9CFB38DE28DB527600A670B7 /* Tab.swift */,
			);
			path = Model;
			sourceTree = "<group>";
		};
		9C79CA3328DDEDC000144DCC /* Styles */ = {
			isa = PBXGroup;
			children = (
				9C581B2528D4BBD000F26303 /* Styles.swift */,
			);
			path = Styles;
			sourceTree = "<group>";
		};
/* End PBXGroup section */

/* Begin PBXNativeTarget section */
		9C455DA228C678F20085F39F /* Offline */ = {
			isa = PBXNativeTarget;
			buildConfigurationList = 9C455DB128C678F20085F39F /* Build configuration list for PBXNativeTarget "Offline" */;
			buildPhases = (
				9C455D9F28C678F20085F39F /* Sources */,
				9C455DA028C678F20085F39F /* Frameworks */,
				9C455DA128C678F20085F39F /* Resources */,
			);
			buildRules = (
			);
			dependencies = (
			);
			name = Offline;
			productName = Offline;
			productReference = 9C455DA328C678F20085F39F /* Offline.app */;
			productType = "com.apple.product-type.application";
		};
/* End PBXNativeTarget section */

/* Begin PBXProject section */
		9C455D9B28C678F20085F39F /* Project object */ = {
			isa = PBXProject;
			attributes = {
				BuildIndependentTargetsInParallel = 1;
				LastSwiftUpdateCheck = 1340;
				LastUpgradeCheck = 1340;
				TargetAttributes = {
					9C455DA228C678F20085F39F = {
						CreatedOnToolsVersion = 13.4.1;
					};
				};
			};
			buildConfigurationList = 9C455D9E28C678F20085F39F /* Build configuration list for PBXProject "Offline" */;
			compatibilityVersion = "Xcode 13.0";
			developmentRegion = en;
			hasScannedForEncodings = 0;
			knownRegions = (
				en,
				Base,
			);
			mainGroup = 9C455D9A28C678F20085F39F;
			productRefGroup = 9C455DA428C678F20085F39F /* Products */;
			projectDirPath = "";
			projectRoot = "";
			targets = (
				9C455DA228C678F20085F39F /* Offline */,
			);
		};
/* End PBXProject section */

/* Begin PBXResourcesBuildPhase section */
		9C455DA128C678F20085F39F /* Resources */ = {
			isa = PBXResourcesBuildPhase;
			buildActionMask = 2147483647;
			files = (
				9C455DAE28C678F20085F39F /* Preview Assets.xcassets in Resources */,
				9C455DAB28C678F20085F39F /* Assets.xcassets in Resources */,
			);
			runOnlyForDeploymentPostprocessing = 0;
		};
/* End PBXResourcesBuildPhase section */

/* Begin PBXSourcesBuildPhase section */
		9C455D9F28C678F20085F39F /* Sources */ = {
			isa = PBXSourcesBuildPhase;
			buildActionMask = 2147483647;
			files = (
				9C79CA2D28DDE94C00144DCC /* HomeView.swift in Sources */,
				9C581B2828D4C30B00F26303 /* AccountView.swift in Sources */,
				9C581B2A28D4FCEA00F26303 /* HexagonView.swift in Sources */,
				9C581B2628D4BBD000F26303 /* Styles.swift in Sources */,
				9CFB38DF28DB527600A670B7 /* Tab.swift in Sources */,
				9C79CA3728DE038700144DCC /* NavigationBar.swift in Sources */,
				9C581B2C28D504F700F26303 /* AnimatedBlobView.swift in Sources */,
				9C455DA928C678F20085F39F /* ContentView.swift in Sources */,
				9C455DA728C678F20085F39F /* OfflineApp.swift in Sources */,
				9C79CA3528DE00C600144DCC /* FeaturedItem.swift in Sources */,
				9CFB38DD28DB4A1D00A670B7 /* TabBar.swift in Sources */,
			);
			runOnlyForDeploymentPostprocessing = 0;
		};
/* End PBXSourcesBuildPhase section */

/* Begin XCBuildConfiguration section */
		9C455DAF28C678F20085F39F /* Debug */ = {
			isa = XCBuildConfiguration;
			buildSettings = {
				ALWAYS_SEARCH_USER_PATHS = NO;
				CLANG_ANALYZER_NONNULL = YES;
				CLANG_ANALYZER_NUMBER_OBJECT_CONVERSION = YES_AGGRESSIVE;
				CLANG_CXX_LANGUAGE_STANDARD = "gnu++17";
				CLANG_ENABLE_MODULES = YES;
				CLANG_ENABLE_OBJC_ARC = YES;
				CLANG_ENABLE_OBJC_WEAK = YES;
				CLANG_WARN_BLOCK_CAPTURE_AUTORELEASING = YES;
				CLANG_WARN_BOOL_CONVERSION = YES;
				CLANG_WARN_COMMA = YES;
				CLANG_WARN_CONSTANT_CONVERSION = YES;
				CLANG_WARN_DEPRECATED_OBJC_IMPLEMENTATIONS = YES;
				CLANG_WARN_DIRECT_OBJC_ISA_USAGE = YES_ERROR;
				CLANG_WARN_DOCUMENTATION_COMMENTS = YES;
				CLANG_WARN_EMPTY_BODY = YES;
				CLANG_WARN_ENUM_CONVERSION = YES;
				CLANG_WARN_INFINITE_RECURSION = YES;
				CLANG_WARN_INT_CONVERSION = YES;
				CLANG_WARN_NON_LITERAL_NULL_CONVERSION = YES;
				CLANG_WARN_OBJC_IMPLICIT_RETAIN_SELF = YES;
				CLANG_WARN_OBJC_LITERAL_CONVERSION = YES;
				CLANG_WARN_OBJC_ROOT_CLASS = YES_ERROR;
				CLANG_WARN_QUOTED_INCLUDE_IN_FRAMEWORK_HEADER = YES;
				CLANG_WARN_RANGE_LOOP_ANALYSIS = YES;
				CLANG_WARN_STRICT_PROTOTYPES = YES;
				CLANG_WARN_SUSPICIOUS_MOVE = YES;
				CLANG_WARN_UNGUARDED_AVAILABILITY = YES_AGGRESSIVE;
				CLANG_WARN_UNREACHABLE_CODE = YES;
				CLANG_WARN__DUPLICATE_METHOD_MATCH = YES;
				COPY_PHASE_STRIP = NO;
				DEBUG_INFORMATION_FORMAT = dwarf;
				ENABLE_STRICT_OBJC_MSGSEND = YES;
				ENABLE_TESTABILITY = YES;
				GCC_C_LANGUAGE_STANDARD = gnu11;
				GCC_DYNAMIC_NO_PIC = NO;
				GCC_NO_COMMON_BLOCKS = YES;
				GCC_OPTIMIZATION_LEVEL = 0;
				GCC_PREPROCESSOR_DEFINITIONS = (
					"DEBUG=1",
					"$(inherited)",
				);
				GCC_WARN_64_TO_32_BIT_CONVERSION = YES;
				GCC_WARN_ABOUT_RETURN_TYPE = YES_ERROR;
				GCC_WARN_UNDECLARED_SELECTOR = YES;
				GCC_WARN_UNINITIALIZED_AUTOS = YES_AGGRESSIVE;
				GCC_WARN_UNUSED_FUNCTION = YES;
				GCC_WARN_UNUSED_VARIABLE = YES;
				IPHONEOS_DEPLOYMENT_TARGET = 15.5;
				MTL_ENABLE_DEBUG_INFO = INCLUDE_SOURCE;
				MTL_FAST_MATH = YES;
				ONLY_ACTIVE_ARCH = YES;
				SDKROOT = iphoneos;
				SWIFT_ACTIVE_COMPILATION_CONDITIONS = DEBUG;
				SWIFT_OPTIMIZATION_LEVEL = "-Onone";
			};
			name = Debug;
		};
		9C455DB028C678F20085F39F /* Release */ = {
			isa = XCBuildConfiguration;
			buildSettings = {
				ALWAYS_SEARCH_USER_PATHS = NO;
				CLANG_ANALYZER_NONNULL = YES;
				CLANG_ANALYZER_NUMBER_OBJECT_CONVERSION = YES_AGGRESSIVE;
				CLANG_CXX_LANGUAGE_STANDARD = "gnu++17";
				CLANG_ENABLE_MODULES = YES;
				CLANG_ENABLE_OBJC_ARC = YES;
				CLANG_ENABLE_OBJC_WEAK = YES;
				CLANG_WARN_BLOCK_CAPTURE_AUTORELEASING = YES;
				CLANG_WARN_BOOL_CONVERSION = YES;
				CLANG_WARN_COMMA = YES;
				CLANG_WARN_CONSTANT_CONVERSION = YES;
				CLANG_WARN_DEPRECATED_OBJC_IMPLEMENTATIONS = YES;
				CLANG_WARN_DIRECT_OBJC_ISA_USAGE = YES_ERROR;
				CLANG_WARN_DOCUMENTATION_COMMENTS = YES;
				CLANG_WARN_EMPTY_BODY = YES;
				CLANG_WARN_ENUM_CONVERSION = YES;
				CLANG_WARN_INFINITE_RECURSION = YES;
				CLANG_WARN_INT_CONVERSION = YES;
				CLANG_WARN_NON_LITERAL_NULL_CONVERSION = YES;
				CLANG_WARN_OBJC_IMPLICIT_RETAIN_SELF = YES;
				CLANG_WARN_OBJC_LITERAL_CONVERSION = YES;
				CLANG_WARN_OBJC_ROOT_CLASS = YES_ERROR;
				CLANG_WARN_QUOTED_INCLUDE_IN_FRAMEWORK_HEADER = YES;
				CLANG_WARN_RANGE_LOOP_ANALYSIS = YES;
				CLANG_WARN_STRICT_PROTOTYPES = YES;
				CLANG_WARN_SUSPICIOUS_MOVE = YES;
				CLANG_WARN_UNGUARDED_AVAILABILITY = YES_AGGRESSIVE;
				CLANG_WARN_UNREACHABLE_CODE = YES;
				CLANG_WARN__DUPLICATE_METHOD_MATCH = YES;
				COPY_PHASE_STRIP = NO;
				DEBUG_INFORMATION_FORMAT = "dwarf-with-dsym";
				ENABLE_NS_ASSERTIONS = NO;
				ENABLE_STRICT_OBJC_MSGSEND = YES;
				GCC_C_LANGUAGE_STANDARD = gnu11;
				GCC_NO_COMMON_BLOCKS = YES;
				GCC_WARN_64_TO_32_BIT_CONVERSION = YES;
				GCC_WARN_ABOUT_RETURN_TYPE = YES_ERROR;
				GCC_WARN_UNDECLARED_SELECTOR = YES;
				GCC_WARN_UNINITIALIZED_AUTOS = YES_AGGRESSIVE;
				GCC_WARN_UNUSED_FUNCTION = YES;
				GCC_WARN_UNUSED_VARIABLE = YES;
				IPHONEOS_DEPLOYMENT_TARGET = 15.5;
				MTL_ENABLE_DEBUG_INFO = NO;
				MTL_FAST_MATH = YES;
				SDKROOT = iphoneos;
				SWIFT_COMPILATION_MODE = wholemodule;
				SWIFT_OPTIMIZATION_LEVEL = "-O";
				VALIDATE_PRODUCT = YES;
			};
			name = Release;
		};
		9C455DB228C678F20085F39F /* Debug */ = {
			isa = XCBuildConfiguration;
			buildSettings = {
				ASSETCATALOG_COMPILER_APPICON_NAME = AppIcon;
				ASSETCATALOG_COMPILER_GLOBAL_ACCENT_COLOR_NAME = AccentColor;
				CODE_SIGN_STYLE = Automatic;
				CURRENT_PROJECT_VERSION = 1;
				DEVELOPMENT_ASSET_PATHS = "\"Offline/Preview Content\"";
				ENABLE_PREVIEWS = YES;
				GENERATE_INFOPLIST_FILE = YES;
				INFOPLIST_KEY_UIApplicationSceneManifest_Generation = YES;
				INFOPLIST_KEY_UIApplicationSupportsIndirectInputEvents = YES;
				INFOPLIST_KEY_UILaunchScreen_Generation = YES;
				INFOPLIST_KEY_UISupportedInterfaceOrientations_iPad = "UIInterfaceOrientationPortrait UIInterfaceOrientationPortraitUpsideDown UIInterfaceOrientationLandscapeLeft UIInterfaceOrientationLandscapeRight";
				INFOPLIST_KEY_UISupportedInterfaceOrientations_iPhone = "UIInterfaceOrientationPortrait UIInterfaceOrientationLandscapeLeft UIInterfaceOrientationLandscapeRight";
				LD_RUNPATH_SEARCH_PATHS = (
					"$(inherited)",
					"@executable_path/Frameworks",
				);
				MARKETING_VERSION = 1.0;
				PRODUCT_BUNDLE_IDENTIFIER = CodeName.Offline;
				PRODUCT_NAME = "$(TARGET_NAME)";
				SWIFT_EMIT_LOC_STRINGS = YES;
				SWIFT_VERSION = 5.0;
				TARGETED_DEVICE_FAMILY = "1,2";
			};
			name = Debug;
		};
		9C455DB328C678F20085F39F /* Release */ = {
			isa = XCBuildConfiguration;
			buildSettings = {
				ASSETCATALOG_COMPILER_APPICON_NAME = AppIcon;
				ASSETCATALOG_COMPILER_GLOBAL_ACCENT_COLOR_NAME = AccentColor;
				CODE_SIGN_STYLE = Automatic;
				CURRENT_PROJECT_VERSION = 1;
				DEVELOPMENT_ASSET_PATHS = "\"Offline/Preview Content\"";
				ENABLE_PREVIEWS = YES;
				GENERATE_INFOPLIST_FILE = YES;
				INFOPLIST_KEY_UIApplicationSceneManifest_Generation = YES;
				INFOPLIST_KEY_UIApplicationSupportsIndirectInputEvents = YES;
				INFOPLIST_KEY_UILaunchScreen_Generation = YES;
				INFOPLIST_KEY_UISupportedInterfaceOrientations_iPad = "UIInterfaceOrientationPortrait UIInterfaceOrientationPortraitUpsideDown UIInterfaceOrientationLandscapeLeft UIInterfaceOrientationLandscapeRight";
				INFOPLIST_KEY_UISupportedInterfaceOrientations_iPhone = "UIInterfaceOrientationPortrait UIInterfaceOrientationLandscapeLeft UIInterfaceOrientationLandscapeRight";
				LD_RUNPATH_SEARCH_PATHS = (
					"$(inherited)",
					"@executable_path/Frameworks",
				);
				MARKETING_VERSION = 1.0;
				PRODUCT_BUNDLE_IDENTIFIER = CodeName.Offline;
				PRODUCT_NAME = "$(TARGET_NAME)";
				SWIFT_EMIT_LOC_STRINGS = YES;
				SWIFT_VERSION = 5.0;
				TARGETED_DEVICE_FAMILY = "1,2";
			};
			name = Release;
		};
/* End XCBuildConfiguration section */

/* Begin XCConfigurationList section */
		9C455D9E28C678F20085F39F /* Build configuration list for PBXProject "Offline" */ = {
			isa = XCConfigurationList;
			buildConfigurations = (
				9C455DAF28C678F20085F39F /* Debug */,
				9C455DB028C678F20085F39F /* Release */,
			);
			defaultConfigurationIsVisible = 0;
			defaultConfigurationName = Release;
		};
		9C455DB128C678F20085F39F /* Build configuration list for PBXNativeTarget "Offline" */ = {
			isa = XCConfigurationList;
			buildConfigurations = (
				9C455DB228C678F20085F39F /* Debug */,
				9C455DB328C678F20085F39F /* Release */,
			);
			defaultConfigurationIsVisible = 0;
			defaultConfigurationName = Release;
		};
/* End XCConfigurationList section */
	};
	rootObject = 9C455D9B28C678F20085F39F /* Project object */;
}
